// !$*UTF8*$!
{
	archiveVersion = 1;
	classes = {
	};
	objectVersion = 50;
	objects = {

/* Begin PBXBuildFile section */
		CD034470249122830044D776 /* AppDelegate.swift in Sources */ = {isa = PBXBuildFile; fileRef = CD03446F249122830044D776 /* AppDelegate.swift */; };
		CD034472249122830044D776 /* SceneDelegate.swift in Sources */ = {isa = PBXBuildFile; fileRef = CD034471249122830044D776 /* SceneDelegate.swift */; };
		CD034477249122830044D776 /* Main.storyboard in Resources */ = {isa = PBXBuildFile; fileRef = CD034475249122830044D776 /* Main.storyboard */; };
		CD034479249122860044D776 /* Assets.xcassets in Resources */ = {isa = PBXBuildFile; fileRef = CD034478249122860044D776 /* Assets.xcassets */; };
		CD03447C249122860044D776 /* LaunchScreen.storyboard in Resources */ = {isa = PBXBuildFile; fileRef = CD03447A249122860044D776 /* LaunchScreen.storyboard */; };
		CD0344842491238B0044D776 /* BountyViewController.swift in Sources */ = {isa = PBXBuildFile; fileRef = CD0344832491238B0044D776 /* BountyViewController.swift */; };
		CD0344862491264C0044D776 /* .gitignore in Resources */ = {isa = PBXBuildFile; fileRef = CD0344852491264C0044D776 /* .gitignore */; };
/* End PBXBuildFile section */

/* Begin PBXFileReference section */
		CD03446C249122830044D776 /* 2.BountyList.app */ = {isa = PBXFileReference; explicitFileType = wrapper.application; includeInIndex = 0; path = 2.BountyList.app; sourceTree = BUILT_PRODUCTS_DIR; };
		CD03446F249122830044D776 /* AppDelegate.swift */ = {isa = PBXFileReference; lastKnownFileType = sourcecode.swift; path = AppDelegate.swift; sourceTree = "<group>"; };
		CD034471249122830044D776 /* SceneDelegate.swift */ = {isa = PBXFileReference; lastKnownFileType = sourcecode.swift; path = SceneDelegate.swift; sourceTree = "<group>"; };
		CD034476249122830044D776 /* Base */ = {isa = PBXFileReference; lastKnownFileType = file.storyboard; name = Base; path = Base.lproj/Main.storyboard; sourceTree = "<group>"; };
		CD034478249122860044D776 /* Assets.xcassets */ = {isa = PBXFileReference; lastKnownFileType = folder.assetcatalog; path = Assets.xcassets; sourceTree = "<group>"; };
		CD03447B249122860044D776 /* Base */ = {isa = PBXFileReference; lastKnownFileType = file.storyboard; name = Base; path = Base.lproj/LaunchScreen.storyboard; sourceTree = "<group>"; };
		CD03447D249122860044D776 /* Info.plist */ = {isa = PBXFileReference; lastKnownFileType = text.plist.xml; path = Info.plist; sourceTree = "<group>"; };
		CD0344832491238B0044D776 /* BountyViewController.swift */ = {isa = PBXFileReference; lastKnownFileType = sourcecode.swift; path = BountyViewController.swift; sourceTree = "<group>"; };
		CD0344852491264C0044D776 /* .gitignore */ = {isa = PBXFileReference; lastKnownFileType = text; path = .gitignore; sourceTree = "<group>"; };
/* End PBXFileReference section */

/* Begin PBXFrameworksBuildPhase section */
		CD034469249122830044D776 /* Frameworks */ = {
			isa = PBXFrameworksBuildPhase;
			buildActionMask = 2147483647;
			files = (
			);
			runOnlyForDeploymentPostprocessing = 0;
		};
/* End PBXFrameworksBuildPhase section */

/* Begin PBXGroup section */
		CD034463249122830044D776 = {
			isa = PBXGroup;
			children = (
				CD0344852491264C0044D776 /* .gitignore */,
				CD03446E249122830044D776 /* 2.BountyList */,
				CD03446D249122830044D776 /* Products */,
			);
			sourceTree = "<group>";
		};
		CD03446D249122830044D776 /* Products */ = {
			isa = PBXGroup;
			children = (
				CD03446C249122830044D776 /* 2.BountyList.app */,
			);
			name = Products;
			sourceTree = "<group>";
		};
		CD03446E249122830044D776 /* 2.BountyList */ = {
			isa = PBXGroup;
			children = (
				CD03446F249122830044D776 /* AppDelegate.swift */,
				CD034471249122830044D776 /* SceneDelegate.swift */,
				CD034475249122830044D776 /* Main.storyboard */,
				CD0344832491238B0044D776 /* BountyViewController.swift */,
				CD034478249122860044D776 /* Assets.xcassets */,
				CD03447A249122860044D776 /* LaunchScreen.storyboard */,
				CD03447D249122860044D776 /* Info.plist */,
			);
			path = 2.BountyList;
			sourceTree = "<group>";
		};
/* End PBXGroup section */

/* Begin PBXNativeTarget section */
		CD03446B249122830044D776 /* 2.BountyList */ = {
			isa = PBXNativeTarget;
			buildConfigurationList = CD034480249122860044D776 /* Build configuration list for PBXNativeTarget "2.BountyList" */;
			buildPhases = (
				CD034468249122830044D776 /* Sources */,
				CD034469249122830044D776 /* Frameworks */,
				CD03446A249122830044D776 /* Resources */,
			);
			buildRules = (
			);
			dependencies = (
			);
			name = 2.BountyList;
			productName = 2.BountyList;
			productReference = CD03446C249122830044D776 /* 2.BountyList.app */;
			productType = "com.apple.product-type.application";
		};
/* End PBXNativeTarget section */

/* Begin PBXProject section */
		CD034464249122830044D776 /* Project object */ = {
			isa = PBXProject;
			attributes = {
				LastSwiftUpdateCheck = 1150;
				LastUpgradeCheck = 1150;
				ORGANIZATIONNAME = "곽우현";
				TargetAttributes = {
					CD03446B249122830044D776 = {
						CreatedOnToolsVersion = 11.5;
					};
				};
			};
			buildConfigurationList = CD034467249122830044D776 /* Build configuration list for PBXProject "2.BountyList" */;
			compatibilityVersion = "Xcode 9.3";
			developmentRegion = en;
			hasScannedForEncodings = 0;
			knownRegions = (
				en,
				Base,
			);
			mainGroup = CD034463249122830044D776;
			productRefGroup = CD03446D249122830044D776 /* Products */;
			projectDirPath = "";
			projectRoot = "";
			targets = (
				CD03446B249122830044D776 /* 2.BountyList */,
			);
		};
/* End PBXProject section */

/* Begin PBXResourcesBuildPhase section */
		CD03446A249122830044D776 /* Resources */ = {
			isa = PBXResourcesBuildPhase;
			buildActionMask = 2147483647;
			files = (
				CD0344862491264C0044D776 /* .gitignore in Resources */,
				CD03447C249122860044D776 /* LaunchScreen.storyboard in Resources */,
				CD034479249122860044D776 /* Assets.xcassets in Resources */,
				CD034477249122830044D776 /* Main.storyboard in Resources */,
			);
			runOnlyForDeploymentPostprocessing = 0;
		};
/* End PBXResourcesBuildPhase section */

/* Begin PBXSourcesBuildPhase section */
		CD034468249122830044D776 /* Sources */ = {
			isa = PBXSourcesBuildPhase;
			buildActionMask = 2147483647;
			files = (
				CD034470249122830044D776 /* AppDelegate.swift in Sources */,
				CD0344842491238B0044D776 /* BountyViewController.swift in Sources */,
				CD034472249122830044D776 /* SceneDelegate.swift in Sources */,
			);
			runOnlyForDeploymentPostprocessing = 0;
		};
/* End PBXSourcesBuildPhase section */

/* Begin PBXVariantGroup section */
		CD034475249122830044D776 /* Main.storyboard */ = {
			isa = PBXVariantGroup;
			children = (
				CD034476249122830044D776 /* Base */,
			);
			name = Main.storyboard;
			sourceTree = "<group>";
		};
		CD03447A249122860044D776 /* LaunchScreen.storyboard */ = {
			isa = PBXVariantGroup;
			children = (
				CD03447B249122860044D776 /* Base */,
			);
			name = LaunchScreen.storyboard;
			sourceTree = "<group>";
		};
/* End PBXVariantGroup section */

/* Begin XCBuildConfiguration section */
		CD03447E249122860044D776 /* Debug */ = {
			isa = XCBuildConfiguration;
			buildSettings = {
				ALWAYS_SEARCH_USER_PATHS = NO;
				CLANG_ANALYZER_NONNULL = YES;
				CLANG_ANALYZER_NUMBER_OBJECT_CONVERSION = YES_AGGRESSIVE;
				CLANG_CXX_LANGUAGE_STANDARD = "gnu++14";
				CLANG_CXX_LIBRARY = "libc++";
				CLANG_ENABLE_MODULES = YES;
				CLANG_ENABLE_OBJC_ARC = YES;
				CLANG_ENABLE_OBJC_WEAK = YES;
				CLANG_WARN_BLOCK_CAPTURE_AUTORELEASING = YES;
				CLANG_WARN_BOOL_CONVERSION = YES;
				CLANG_WARN_COMMA = YES;
				CLANG_WARN_CONSTANT_CONVERSION = YES;
				CLANG_WARN_DEPRECATED_OBJC_IMPLEMENTATIONS = YES;
				CLANG_WARN_DIRECT_OBJC_ISA_USAGE = YES_ERROR;
				CLANG_WARN_DOCUMENTATION_COMMENTS = YES;
				CLANG_WARN_EMPTY_BODY = YES;
				CLANG_WARN_ENUM_CONVERSION = YES;
				CLANG_WARN_INFINITE_RECURSION = YES;
				CLANG_WARN_INT_CONVERSION = YES;
				CLANG_WARN_NON_LITERAL_NULL_CONVERSION = YES;
				CLANG_WARN_OBJC_IMPLICIT_RETAIN_SELF = YES;
				CLANG_WARN_OBJC_LITERAL_CONVERSION = YES;
				CLANG_WARN_OBJC_ROOT_CLASS = YES_ERROR;
				CLANG_WARN_RANGE_LOOP_ANALYSIS = YES;
				CLANG_WARN_STRICT_PROTOTYPES = YES;
				CLANG_WARN_SUSPICIOUS_MOVE = YES;
				CLANG_WARN_UNGUARDED_AVAILABILITY = YES_AGGRESSIVE;
				CLANG_WARN_UNREACHABLE_CODE = YES;
				CLANG_WARN__DUPLICATE_METHOD_MATCH = YES;
				COPY_PHASE_STRIP = NO;
				DEBUG_INFORMATION_FORMAT = dwarf;
				ENABLE_STRICT_OBJC_MSGSEND = YES;
				ENABLE_TESTABILITY = YES;
				GCC_C_LANGUAGE_STANDARD = gnu11;
				GCC_DYNAMIC_NO_PIC = NO;
				GCC_NO_COMMON_BLOCKS = YES;
				GCC_OPTIMIZATION_LEVEL = 0;
				GCC_PREPROCESSOR_DEFINITIONS = (
					"DEBUG=1",
					"$(inherited)",
				);
				GCC_WARN_64_TO_32_BIT_CONVERSION = YES;
				GCC_WARN_ABOUT_RETURN_TYPE = YES_ERROR;
				GCC_WARN_UNDECLARED_SELECTOR = YES;
				GCC_WARN_UNINITIALIZED_AUTOS = YES_AGGRESSIVE;
				GCC_WARN_UNUSED_FUNCTION = YES;
				GCC_WARN_UNUSED_VARIABLE = YES;
				IPHONEOS_DEPLOYMENT_TARGET = 13.5;
				MTL_ENABLE_DEBUG_INFO = INCLUDE_SOURCE;
				MTL_FAST_MATH = YES;
				ONLY_ACTIVE_ARCH = YES;
				SDKROOT = iphoneos;
				SWIFT_ACTIVE_COMPILATION_CONDITIONS = DEBUG;
				SWIFT_OPTIMIZATION_LEVEL = "-Onone";
			};
			name = Debug;
		};
		CD03447F249122860044D776 /* Release */ = {
			isa = XCBuildConfiguration;
			buildSettings = {
				ALWAYS_SEARCH_USER_PATHS = NO;
				CLANG_ANALYZER_NONNULL = YES;
				CLANG_ANALYZER_NUMBER_OBJECT_CONVERSION = YES_AGGRESSIVE;
				CLANG_CXX_LANGUAGE_STANDARD = "gnu++14";
				CLANG_CXX_LIBRARY = "libc++";
				CLANG_ENABLE_MODULES = YES;
				CLANG_ENABLE_OBJC_ARC = YES;
				CLANG_ENABLE_OBJC_WEAK = YES;
				CLANG_WARN_BLOCK_CAPTURE_AUTORELEASING = YES;
				CLANG_WARN_BOOL_CONVERSION = YES;
				CLANG_WARN_COMMA = YES;
				CLANG_WARN_CONSTANT_CONVERSION = YES;
				CLANG_WARN_DEPRECATED_OBJC_IMPLEMENTATIONS = YES;
				CLANG_WARN_DIRECT_OBJC_ISA_USAGE = YES_ERROR;
				CLANG_WARN_DOCUMENTATION_COMMENTS = YES;
				CLANG_WARN_EMPTY_BODY = YES;
				CLANG_WARN_ENUM_CONVERSION = YES;
				CLANG_WARN_INFINITE_RECURSION = YES;
				CLANG_WARN_INT_CONVERSION = YES;
				CLANG_WARN_NON_LITERAL_NULL_CONVERSION = YES;
				CLANG_WARN_OBJC_IMPLICIT_RETAIN_SELF = YES;
				CLANG_WARN_OBJC_LITERAL_CONVERSION = YES;
				CLANG_WARN_OBJC_ROOT_CLASS = YES_ERROR;
				CLANG_WARN_RANGE_LOOP_ANALYSIS = YES;
				CLANG_WARN_STRICT_PROTOTYPES = YES;
				CLANG_WARN_SUSPICIOUS_MOVE = YES;
				CLANG_WARN_UNGUARDED_AVAILABILITY = YES_AGGRESSIVE;
				CLANG_WARN_UNREACHABLE_CODE = YES;
				CLANG_WARN__DUPLICATE_METHOD_MATCH = YES;
				COPY_PHASE_STRIP = NO;
				DEBUG_INFORMATION_FORMAT = "dwarf-with-dsym";
				ENABLE_NS_ASSERTIONS = NO;
				ENABLE_STRICT_OBJC_MSGSEND = YES;
				GCC_C_LANGUAGE_STANDARD = gnu11;
				GCC_NO_COMMON_BLOCKS = YES;
				GCC_WARN_64_TO_32_BIT_CONVERSION = YES;
				GCC_WARN_ABOUT_RETURN_TYPE = YES_ERROR;
				GCC_WARN_UNDECLARED_SELECTOR = YES;
				GCC_WARN_UNINITIALIZED_AUTOS = YES_AGGRESSIVE;
				GCC_WARN_UNUSED_FUNCTION = YES;
				GCC_WARN_UNUSED_VARIABLE = YES;
				IPHONEOS_DEPLOYMENT_TARGET = 13.5;
				MTL_ENABLE_DEBUG_INFO = NO;
				MTL_FAST_MATH = YES;
				SDKROOT = iphoneos;
				SWIFT_COMPILATION_MODE = wholemodule;
				SWIFT_OPTIMIZATION_LEVEL = "-O";
				VALIDATE_PRODUCT = YES;
			};
			name = Release;
		};
		CD034481249122860044D776 /* Debug */ = {
			isa = XCBuildConfiguration;
			buildSettings = {
				ASSETCATALOG_COMPILER_APPICON_NAME = AppIcon;
				CODE_SIGN_STYLE = Automatic;
				DEVELOPMENT_TEAM = 8WLZ64F984;
				INFOPLIST_FILE = 2.BountyList/Info.plist;
				LD_RUNPATH_SEARCH_PATHS = (
					"$(inherited)",
					"@executable_path/Frameworks",
				);
				PRODUCT_BUNDLE_IDENTIFIER = "com.--BountyList";
				PRODUCT_NAME = "$(TARGET_NAME)";
				SWIFT_VERSION = 5.0;
				TARGETED_DEVICE_FAMILY = "1,2";
			};
			name = Debug;
		};
		CD034482249122860044D776 /* Release */ = {
			isa = XCBuildConfiguration;
			buildSettings = {
				ASSETCATALOG_COMPILER_APPICON_NAME = AppIcon;
				CODE_SIGN_STYLE = Automatic;
				DEVELOPMENT_TEAM = 8WLZ64F984;
				INFOPLIST_FILE = 2.BountyList/Info.plist;
				LD_RUNPATH_SEARCH_PATHS = (
					"$(inherited)",
					"@executable_path/Frameworks",
				);
				PRODUCT_BUNDLE_IDENTIFIER = "com.--BountyList";
				PRODUCT_NAME = "$(TARGET_NAME)";
				SWIFT_VERSION = 5.0;
				TARGETED_DEVICE_FAMILY = "1,2";
			};
			name = Release;
		};
/* End XCBuildConfiguration section */

/* Begin XCConfigurationList section */
		CD034467249122830044D776 /* Build configuration list for PBXProject "2.BountyList" */ = {
			isa = XCConfigurationList;
			buildConfigurations = (
				CD03447E249122860044D776 /* Debug */,
				CD03447F249122860044D776 /* Release */,
			);
			defaultConfigurationIsVisible = 0;
			defaultConfigurationName = Release;
		};
		CD034480249122860044D776 /* Build configuration list for PBXNativeTarget "2.BountyList" */ = {
			isa = XCConfigurationList;
			buildConfigurations = (
				CD034481249122860044D776 /* Debug */,
				CD034482249122860044D776 /* Release */,
			);
			defaultConfigurationIsVisible = 0;
			defaultConfigurationName = Release;
		};
/* End XCConfigurationList section */
	};
	rootObject = CD034464249122830044D776 /* Project object */;
}
